
Microsoft Visual Studio Solution File, Format Version 12.00
# Visual Studio Version 16
VisualStudioVersion = 16.0.810.20
MinimumVisualStudioVersion = 10.0.40219.1
Project("{FAE04EC0-301F-11D3-BF4B-00C04F79EFBC}") = "Assignment1", "Assignment1.csproj", "{CA08769A-B127-4D28-A30A-BFF52C783D49}"
EndProject
Global
	GlobalSection(SolutionConfigurationPlatforms) = preSolution
		Debug|Any CPU = Debug|Any CPU
		Release|Any CPU = Release|Any CPU
	EndGlobalSection
	GlobalSection(ProjectConfigurationPlatforms) = postSolution
		{CA08769A-B127-4D28-A30A-BFF52C783D49}.Debug|Any CPU.ActiveCfg = Debug|Any CPU
		{CA08769A-B127-4D28-A30A-BFF52C783D49}.Debug|Any CPU.Build.0 = Debug|Any CPU
		{CA08769A-B127-4D28-A30A-BFF52C783D49}.Release|Any CPU.ActiveCfg = Release|Any CPU
		{CA08769A-B127-4D28-A30A-BFF52C783D49}.Release|Any CPU.Build.0 = Release|Any CPU
	EndGlobalSection
	GlobalSection(SolutionProperties) = preSolution
		HideSolutionNode = FALSE
	EndGlobalSection
	GlobalSection(ExtensibilityGlobals) = postSolution
		SolutionGuid = {AF442768-CD44-4E21-8A51-A5BA14175891}
	EndGlobalSection
EndGlobal
